
Microsoft Visual Studio Solution File, Format Version 12.00
# Visual Studio Version 17
VisualStudioVersion = 17.12.35521.163
MinimumVisualStudioVersion = 10.0.40219.1
Project("{FAE04EC0-301F-11D3-BF4B-00C04F79EFBC}") = "Note.Data", "Note.Data\Note.Data.csproj", "{1496EFB0-D896-4F54-B743-F9ED544411AE}"
EndProject
Project("{FAE04EC0-301F-11D3-BF4B-00C04F79EFBC}") = "Note.Domain", "Note.Domain\Note.Domain.csproj", "{9DA9D56C-58A2-4170-B461-2E20740B73F7}"
EndProject
Project("{FAE04EC0-301F-11D3-BF4B-00C04F79EFBC}") = "Note.App", "Note.App\Note.App.csproj", "{B344A03F-2CE8-4767-BC8D-DBB6F0464B25}"
EndProject
Global
	GlobalSection(SolutionConfigurationPlatforms) = preSolution
		Debug|Any CPU = Debug|Any CPU
		Release|Any CPU = Release|Any CPU
	EndGlobalSection
	GlobalSection(ProjectConfigurationPlatforms) = postSolution
		{1496EFB0-D896-4F54-B743-F9ED544411AE}.Debug|Any CPU.ActiveCfg = Debug|Any CPU
		{1496EFB0-D896-4F54-B743-F9ED544411AE}.Debug|Any CPU.Build.0 = Debug|Any CPU
		{1496EFB0-D896-4F54-B743-F9ED544411AE}.Release|Any CPU.ActiveCfg = Release|Any CPU
		{1496EFB0-D896-4F54-B743-F9ED544411AE}.Release|Any CPU.Build.0 = Release|Any CPU
		{9DA9D56C-58A2-4170-B461-2E20740B73F7}.Debug|Any CPU.ActiveCfg = Debug|Any CPU
		{9DA9D56C-58A2-4170-B461-2E20740B73F7}.Debug|Any CPU.Build.0 = Debug|Any CPU
		{9DA9D56C-58A2-4170-B461-2E20740B73F7}.Release|Any CPU.ActiveCfg = Release|Any CPU
		{9DA9D56C-58A2-4170-B461-2E20740B73F7}.Release|Any CPU.Build.0 = Release|Any CPU
		{B344A03F-2CE8-4767-BC8D-DBB6F0464B25}.Debug|Any CPU.ActiveCfg = Debug|Any CPU
		{B344A03F-2CE8-4767-BC8D-DBB6F0464B25}.Debug|Any CPU.Build.0 = Debug|Any CPU
		{B344A03F-2CE8-4767-BC8D-DBB6F0464B25}.Release|Any CPU.ActiveCfg = Release|Any CPU
		{B344A03F-2CE8-4767-BC8D-DBB6F0464B25}.Release|Any CPU.Build.0 = Release|Any CPU
	EndGlobalSection
	GlobalSection(SolutionProperties) = preSolution
		HideSolutionNode = FALSE
	EndGlobalSection
EndGlobal
